{
  "lockfile-version": 1,
  "manifest": {
    "schema-version": "1.12.0",
    "install": {
      "postgresql": {
        "pkg-path": "postgresql"
      },
      "python3": {
        "pkg-path": "python3"
      }
    },
    "vars": {
      "DATABASE_URL": "postgresql://app_user:app_secret@127.0.0.1:5432/app_db",
      "POSTGRES_DB": "app_db",
      "POSTGRES_HOST": "127.0.0.1",
      "POSTGRES_PASSWORD": "app_secret",
      "POSTGRES_PORT": "5432",
      "POSTGRES_USER": "app_user"
    },
    "hook": {
      "on-activate": "  # Autogenerated by Flox\n\n  # Setup a Python virtual environment\n\n  export PYTHON_DIR=\"$FLOX_ENV_CACHE/python\"\n  if [ ! -d \"$PYTHON_DIR\" ]; then\n    echo \"Creating python virtual environment in $PYTHON_DIR\"\n    python -m venv \"$PYTHON_DIR\"\n  fi\n\n  # Quietly activate venv and install packages in a subshell so\n  # that the venv can be freshly activated in the profile section.\n  (\n    source \"$PYTHON_DIR/bin/activate\"\n    pip install -r \"$FLOX_ENV_PROJECT/requirements.txt\"\n  )\n\n  # End autogenerated by Flox\n"
    },
    "profile": {
      "bash": "  # Autogenerated by Flox\n\n  echo \"Activating python virtual environment\" >&2\n  source \"$PYTHON_DIR/bin/activate\"\n\n  # End autogenerated by Flox\n",
      "zsh": "  # Autogenerated by Flox\n\n  echo \"Activating python virtual environment\" >&2\n  source \"$PYTHON_DIR/bin/activate\"\n\n  # End autogenerated by Flox\n",
      "fish": "  # Autogenerated by Flox\n\n  echo \"Activating python virtual environment\" >&2\n  source \"$PYTHON_DIR/bin/activate.fish\"\n\n  # End autogenerated by Flox\n",
      "tcsh": "  # Autogenerated by Flox\n\n  echo \"Activating python virtual environment\" >&2\n  source \"$PYTHON_DIR/bin/activate.csh\"\n\n  # End autogenerated by Flox\n"
    },
    "options": {},
    "services": {
      "postgres": {
        "command": "export PGDATA=\"$(pwd)/.flox/postgres\"\nexport PGSOCKET=\"$(pwd)/.flox/run\"\n\nmkdir -p \"$PGDATA\"\nmkdir -p \"$PGSOCKET\"\n\nif [ ! -f \"$PGDATA/PG_VERSION\" ]; then\n  initdb --auth=trust -D \"$PGDATA\"\nfi\n\npostgres -D \"$PGDATA\" -h 127.0.0.1 -k \"$PGSOCKET\" -p 5432 &\n\nuntil pg_isready -h 127.0.0.1 -p 5432; do\n  sleep 1\ndone\n\ncreateuser -h 127.0.0.1 app_user 2>/dev/null || true\ncreatedb -h 127.0.0.1 -O app_user app_db 2>/dev/null || true\n\nwait $!\n"
      }
    }
  },
  "packages": [
    {
      "attr_path": "postgresql",
      "broken": false,
      "derivation": "/nix/store/6ry0rndq3qmbsa3rp12jjwyifim39dli-postgresql-17.10.drv",
      "description": "Powerful, open source object-relational database system",
      "install_id": "postgresql",
      "license": "PostgreSQL",
      "locked_url": "https://github.com/flox/nixpkgs?rev=d233902339c02a9c334e7e593de68855ad26c4cb",
      "name": "postgresql-17.10",
      "pname": "postgresql",
      "rev": "d233902339c02a9c334e7e593de68855ad26c4cb",
      "rev_count": 998534,
      "rev_date": "2026-05-15T18:21:44Z",
      "scrape_date": "2026-05-17T07:06:29.362575Z",
      "stabilities": [
        "unstable"
      ],
      "unfree": false,
      "version": "17.10",
      "outputs_to_install": [
        "man",
        "out"
      ],
      "outputs": {
        "dev": "/nix/store/yx286q28kpg4gb44bm4pjwjdzm7zxhc9-postgresql-17.10-dev",
        "doc": "/nix/store/041wcz54z9z9ymavf56lfpf2my0ngcwq-postgresql-17.10-doc",
        "jit": "/nix/store/vq4qx2fwn5156qx1mby4zb9557qkjzsy-postgresql-17.10-jit",
        "lib": "/nix/store/zn4kbknimc1wmfdgbgi8wb9n2l13zp0d-postgresql-17.10-lib",
        "man": "/nix/store/0w00h7hblhdprfshqrzshsmapz2p3cs3-postgresql-17.10-man",
        "out": "/nix/store/q503kyx4v0isc64y48cmpxn1q0n0kz5x-postgresql-17.10",
        "plperl": "/nix/store/nf2hd2pwcnmjf5g89p6ccyvk1iwwksj3-postgresql-17.10-plperl",
        "plpython3": "/nix/store/6wz5xkhz1r34jqcxk6g5ls0xckjfayi9-postgresql-17.10-plpython3",
        "pltcl": "/nix/store/h6z9rrr50yfjzvg5yqqznhfgwx9p7pnb-postgresql-17.10-pltcl"
      },
      "system": "aarch64-darwin",
      "group": "toplevel",
      "priority": 5
    },
    {
      "attr_path": "postgresql",
      "broken": false,
      "derivation": "/nix/store/m80p1a6maf0g73y9vd440wfdb4j2l2qw-postgresql-17.10.drv",
      "description": "Powerful, open source object-relational database system",
      "install_id": "postgresql",
      "license": "PostgreSQL",
      "locked_url": "https://github.com/flox/nixpkgs?rev=d233902339c02a9c334e7e593de68855ad26c4cb",
      "name": "postgresql-17.10",
      "pname": "postgresql",
      "rev": "d233902339c02a9c334e7e593de68855ad26c4cb",
      "rev_count": 998534,
      "rev_date": "2026-05-15T18:21:44Z",
      "scrape_date": "2026-05-17T07:34:25.130544Z",
      "stabilities": [
        "unstable"
      ],
      "unfree": false,
      "version": "17.10",
      "outputs_to_install": [
        "man",
        "out"
      ],
      "outputs": {
        "debug": "/nix/store/vam8q90cpbxj1aabfxlj9x9y304ff6gq-postgresql-17.10-debug",
        "dev": "/nix/store/nb0w2rz5b1xmbphmdpyjpmksbpq0hnrn-postgresql-17.10-dev",
        "doc": "/nix/store/ls46qznxpqwma643lf34qpvi155pnys5-postgresql-17.10-doc",
        "jit": "/nix/store/gxb6nkfgjspl1j53qs45wc7f49cm7mg7-postgresql-17.10-jit",
        "lib": "/nix/store/82fs0lqkx891qyfm711vpc7sqqgsvpvb-postgresql-17.10-lib",
        "man": "/nix/store/mgybkylk1sb85xf91y5p3vv81hvb9kl8-postgresql-17.10-man",
        "out": "/nix/store/432b67cqycmszk06kx5rf1h547bpxvqc-postgresql-17.10",
        "plperl": "/nix/store/j4zjn4l5vvfniyn7szhn63lxqz8rjcsb-postgresql-17.10-plperl",
        "plpython3": "/nix/store/qf4y8zwar7dyg975yyjwj2fzx4iafvgh-postgresql-17.10-plpython3",
        "pltcl": "/nix/store/68b3y3rdmyjinhfra7g3291hbxvs4c4g-postgresql-17.10-pltcl"
      },
      "system": "aarch64-linux",
      "group": "toplevel",
      "priority": 5
    },
    {
      "attr_path": "postgresql",
      "broken": false,
      "derivation": "/nix/store/j6rx2f4fqb01wpf5vg82l41lkdjjkfsr-postgresql-17.10.drv",
      "description": "Powerful, open source object-relational database system",
      "install_id": "postgresql",
      "license": "PostgreSQL",
      "locked_url": "https://github.com/flox/nixpkgs?rev=d233902339c02a9c334e7e593de68855ad26c4cb",
      "name": "postgresql-17.10",
      "pname": "postgresql",
      "rev": "d233902339c02a9c334e7e593de68855ad26c4cb",
      "rev_count": 998534,
      "rev_date": "2026-05-15T18:21:44Z",
      "scrape_date": "2026-05-17T08:01:57.788092Z",
      "stabilities": [
        "unstable"
      ],
      "unfree": false,
      "version": "17.10",
      "outputs_to_install": [
        "man",
        "out"
      ],
      "outputs": {
        "dev": "/nix/store/93b0540p3jxc4fqqdggdzwph5liwds56-postgresql-17.10-dev",
        "doc": "/nix/store/nirqn4w8mgrn3f4ydsj9qxcp3q55x05r-postgresql-17.10-doc",
        "jit": "/nix/store/8cnccp841xx20lqlp1d0iqyicxr109hz-postgresql-17.10-jit",
        "lib": "/nix/store/qhjkg0jbwb6ykhdhckwhi3j1hngnpd9g-postgresql-17.10-lib",
        "man": "/nix/store/f3wrv13cd88zyv2l8l2i8acr0khp6g3x-postgresql-17.10-man",
        "out": "/nix/store/23jz38lxiq5ljhbxqcm2rhkicvif2dyp-postgresql-17.10",
        "plperl": "/nix/store/aqc53iwpjv0wz1m9nnd6zihxwxs987yc-postgresql-17.10-plperl",
        "plpython3": "/nix/store/1r73qf3j6w1648dfwdsn3vnsa920zpah-postgresql-17.10-plpython3",
        "pltcl": "/nix/store/cf0x7zy860gdw94n0iqgv7cpm1aqawsp-postgresql-17.10-pltcl"
      },
      "system": "x86_64-darwin",
      "group": "toplevel",
      "priority": 5
    },
    {
      "attr_path": "postgresql",
      "broken": false,
      "derivation": "/nix/store/sm9hs6c1g2mdmmzf7sk05xkskrr3adm9-postgresql-17.10.drv",
      "description": "Powerful, open source object-relational database system",
      "install_id": "postgresql",
      "license": "PostgreSQL",
      "locked_url": "https://github.com/flox/nixpkgs?rev=d233902339c02a9c334e7e593de68855ad26c4cb",
      "name": "postgresql-17.10",
      "pname": "postgresql",
      "rev": "d233902339c02a9c334e7e593de68855ad26c4cb",
      "rev_count": 998534,
      "rev_date": "2026-05-15T18:21:44Z",
      "scrape_date": "2026-05-17T08:33:11.612430Z",
      "stabilities": [
        "unstable"
      ],
      "unfree": false,
      "version": "17.10",
      "outputs_to_install": [
        "man",
        "out"
      ],
      "outputs": {
        "debug": "/nix/store/cqzjsdw7qa82ilcs57wqaiss1v58dq1f-postgresql-17.10-debug",
        "dev": "/nix/store/1hwc588pj8r39acr5pshgmml91pmmkaq-postgresql-17.10-dev",
        "doc": "/nix/store/2s0qd3ncrw5azy586kpwy5gnr0qrvzyd-postgresql-17.10-doc",
        "jit": "/nix/store/0dypc6i4akiplxh1ba3vdvllzz8w5qza-postgresql-17.10-jit",
        "lib": "/nix/store/86rsh99cv7n0mi3wz6i8g1hzi7bjapli-postgresql-17.10-lib",
        "man": "/nix/store/nbgzrns6nwqh1nj09w4fsgbi94wm902n-postgresql-17.10-man",
        "out": "/nix/store/kfyvpibc9wn10y8lw86mqkfk01k76hsp-postgresql-17.10",
        "plperl": "/nix/store/aj7d2jgprn1ag07iklx2wzfhh64pwwbi-postgresql-17.10-plperl",
        "plpython3": "/nix/store/360w5crcl3k17d2ylqs9ki7dn2l0hlaf-postgresql-17.10-plpython3",
        "pltcl": "/nix/store/1w1f9s4089apn9dp82fczg2sni7sdjm9-postgresql-17.10-pltcl"
      },
      "system": "x86_64-linux",
      "group": "toplevel",
      "priority": 5
    },
    {
      "attr_path": "python3",
      "broken": false,
      "derivation": "/nix/store/4jsnzrzl379r6cjrr836lh6vi4p4kgv4-python3-3.13.12.drv",
      "description": "High-level dynamically-typed programming language",
      "install_id": "python3",
      "license": "Python-2.0",
      "locked_url": "https://github.com/flox/nixpkgs?rev=d233902339c02a9c334e7e593de68855ad26c4cb",
      "name": "python3-3.13.12",
      "pname": "python3",
      "rev": "d233902339c02a9c334e7e593de68855ad26c4cb",
      "rev_count": 998534,
      "rev_date": "2026-05-15T18:21:44Z",
      "scrape_date": "2026-05-17T07:06:30.977992Z",
      "stabilities": [
        "unstable"
      ],
      "unfree": false,
      "version": "3.13.12",
      "outputs_to_install": [
        "out",
        "out"
      ],
      "outputs": {
        "out": "/nix/store/kwnbzccaiqi6iwdchcy6xc8br4x9hn0j-python3-3.13.12"
      },
      "system": "aarch64-darwin",
      "group": "toplevel",
      "priority": 5
    },
    {
      "attr_path": "python3",
      "broken": false,
      "derivation": "/nix/store/5a3k0w97564gz3qxf00dvrs6yn9v8dl6-python3-3.13.12.drv",
      "description": "High-level dynamically-typed programming language",
      "install_id": "python3",
      "license": "Python-2.0",
      "locked_url": "https://github.com/flox/nixpkgs?rev=d233902339c02a9c334e7e593de68855ad26c4cb",
      "name": "python3-3.13.12",
      "pname": "python3",
      "rev": "d233902339c02a9c334e7e593de68855ad26c4cb",
      "rev_count": 998534,
      "rev_date": "2026-05-15T18:21:44Z",
      "scrape_date": "2026-05-17T07:34:27.380432Z",
      "stabilities": [
        "unstable"
      ],
      "unfree": false,
      "version": "3.13.12",
      "outputs_to_install": [
        "out",
        "out",
        "out"
      ],
      "outputs": {
        "debug": "/nix/store/xyg8jfgpbyap2blwfmh3lhxy1vmhhbia-python3-3.13.12-debug",
        "out": "/nix/store/36mns0lq3c2zgky08rsq0xvamfzglzvj-python3-3.13.12"
      },
      "system": "aarch64-linux",
      "group": "toplevel",
      "priority": 5
    },
    {
      "attr_path": "python3",
      "broken": false,
      "derivation": "/nix/store/227zjffs3h685la0wmjp42z850j2f59w-python3-3.13.12.drv",
      "description": "High-level dynamically-typed programming language",
      "install_id": "python3",
      "license": "Python-2.0",
      "locked_url": "https://github.com/flox/nixpkgs?rev=d233902339c02a9c334e7e593de68855ad26c4cb",
      "name": "python3-3.13.12",
      "pname": "python3",
      "rev": "d233902339c02a9c334e7e593de68855ad26c4cb",
      "rev_count": 998534,
      "rev_date": "2026-05-15T18:21:44Z",
      "scrape_date": "2026-05-17T08:01:59.557180Z",
      "stabilities": [
        "unstable"
      ],
      "unfree": false,
      "version": "3.13.12",
      "outputs_to_install": [
        "out",
        "out"
      ],
      "outputs": {
        "out": "/nix/store/mgd8qy2z9xj5y7lkrfw1zw2l6adanc1d-python3-3.13.12"
      },
      "system": "x86_64-darwin",
      "group": "toplevel",
      "priority": 5
    },
    {
      "attr_path": "python3",
      "broken": false,
      "derivation": "/nix/store/akf75nmhvs2x06g2qrag3vd321rpp02i-python3-3.13.12.drv",
      "description": "High-level dynamically-typed programming language",
      "install_id": "python3",
      "license": "Python-2.0",
      "locked_url": "https://github.com/flox/nixpkgs?rev=d233902339c02a9c334e7e593de68855ad26c4cb",
      "name": "python3-3.13.12",
      "pname": "python3",
      "rev": "d233902339c02a9c334e7e593de68855ad26c4cb",
      "rev_count": 998534,
      "rev_date": "2026-05-15T18:21:44Z",
      "scrape_date": "2026-05-17T08:33:14.090818Z",
      "stabilities": [
        "unstable"
      ],
      "unfree": false,
      "version": "3.13.12",
      "outputs_to_install": [
        "out",
        "out",
        "out",
        "out",
        "out"
      ],
      "outputs": {
        "debug": "/nix/store/4q5zc1g7w4x5c0p5cdv1nh61z8ddxqqq-python3-3.13.12-debug",
        "out": "/nix/store/0r6k8xa2kgqyp3r4v2w7yrb80ma2iawm-python3-3.13.12"
      },
      "system": "x86_64-linux",
      "group": "toplevel",
      "priority": 5
    }
  ]
}
